Microsoft Visual Studio Solution File, Format Version 12.00
Project("{FAE04EC0-301F-11D3-BF4B-00C04F79EFBC}") = "Tempo", "Tempo\Tempo.csproj", "{B9C58144-DCF8-46E4-AADD-AF9C209AEA59}"
EndProject
Project("{FAE04EC0-301F-11D3-BF4B-00C04F79EFBC}") = "Install", "Install\Install.csproj", "{387BF54E-367A-471A-9DDE-EF9A1F97B96C}"
EndProject
Global
	GlobalSection(SolutionConfigurationPlatforms) = preSolution
		Debug|Any CPU = Debug|Any CPU
		Release|Any CPU = Release|Any CPU
	EndGlobalSection
	GlobalSection(ProjectConfigurationPlatforms) = postSolution
		{387BF54E-367A-471A-9DDE-EF9A1F97B96C}.Debug|Any CPU.ActiveCfg = Debug|Any CPU
		{387BF54E-367A-471A-9DDE-EF9A1F97B96C}.Debug|Any CPU.Build.0 = Debug|Any CPU
		{B9C58144-DCF8-46E4-AADD-AF9C209AEA59}.Debug|Any CPU.ActiveCfg = Debug|Any CPU
	EndGlobalSection
EndGlobal
